<?xml version="1.0" encoding="utf-8"?>
<Project ToolsVersion="4.0" xmlns="http://schemas.microsoft.com/developer/msbuild/2003">
  <ItemGroup>
    <Filter Include="src">
      <UniqueIdentifier>{4FC737F1-C7A5-4376-A066-2A32D752A2FF}</UniqueIdentifier>
      <Extensions>cpp;c;cc;cxx;def;odl;idl;hpj;bat;asm;asmx</Extensions>
    </Filter>
    <Filter Include="src\Framework">
      <UniqueIdentifier>{634b51cf-7be4-409f-af7d-a90d3a55e345}</UniqueIdentifier>
    </Filter>
    <Filter Include="src\View">
      <UniqueIdentifier>{dcc457b5-7ec9-4d4f-86ce-05192c34634d}</UniqueIdentifier>
    </Filter>
    <Filter Include="resouce">
      <UniqueIdentifier>{67DA6AB6-F800-4c08-8B7A-83BB121AAD01}</UniqueIdentifier>
      <Extensions>rc;ico;cur;bmp;dlg;rc2;rct;bin;rgs;gif;jpg;jpeg;jpe;resx;tiff;tif;png;wav;mfcribbon-ms</Extensions>
    </Filter>
    <Filter Include="src\ThirdParty">
      <UniqueIdentifier>{a1f0449c-49cb-458c-b205-b6ed6474b839}</UniqueIdentifier>
    </Filter>
    <Filter Include="src\Interface">
      <UniqueIdentifier>{9758a2f4-c4e4-4d30-af71-2eb866b1c6cf}</UniqueIdentifier>
    </Filter>
    <Filter Include="include">
      <UniqueIdentifier>{c1cce785-a070-424c-b735-561d4c6462dc}</UniqueIdentifier>
    </Filter>
    <Filter Include="src\View\Control">
      <UniqueIdentifier>{e2a86a2a-3529-47bc-a6ad-98cc2c8a626d}</UniqueIdentifier>
    </Filter>
  </ItemGroup>
  <ItemGroup>
    <None Include="ReadMe.txt" />
    <None Include="UserImages.bmp">
      <Filter>resouce</Filter>
    </None>
    <None Include="res\WinUI.rc2">
      <Filter>resouce</Filter>
    </None>
    <None Include="res\WinUIDoc.ico">
      <Filter>resouce</Filter>
    </None>
    <None Include="res\WinUI.ico">
      <Filter>resouce</Filter>
    </None>
    <None Include="res\Toolbar.bmp">
      <Filter>resouce</Filter>
    </None>
    <None Include="res\Toolbar256.bmp">
      <Filter>resouce</Filter>
    </None>
  </ItemGroup>
  <ItemGroup>
    <ClInclude Include="LogCC.h">
      <Filter>src\Framework</Filter>
    </ClInclude>
    <ClInclude Include="LogCCDoc.h">
      <Filter>src\Framework</Filter>
    </ClInclude>
    <ClInclude Include="Resource.h">
      <Filter>src\Framework</Filter>
    </ClInclude>
    <ClInclude Include="stdafx.h">
      <Filter>src\Framework</Filter>
    </ClInclude>
    <ClInclude Include="targetver.h">
      <Filter>src\Framework</Filter>
    </ClInclude>
    <ClInclude Include="LogCtrlView.h">
      <Filter>src\View</Filter>
    </ClInclude>
    <ClInclude Include="LogMainView.h">
      <Filter>src\View</Filter>
    </ClInclude>
    <ClInclude Include="ModulVer.h">
      <Filter>src\ThirdParty</Filter>
    </ClInclude>
    <ClInclude Include="..\..\include\IModelAware.h">
      <Filter>include</Filter>
    </ClInclude>
    <ClInclude Include="LogDetailView.h">
      <Filter>src\View</Filter>
    </ClInclude>
    <ClInclude Include="..\..\include\ICtrlView.h">
      <Filter>src\Interface</Filter>
    </ClInclude>
    <ClInclude Include="..\..\include\IMainView.h">
      <Filter>src\Interface</Filter>
    </ClInclude>
    <ClInclude Include="..\..\include\IDetailView.h">
      <Filter>src\Interface</Filter>
    </ClInclude>
    <ClInclude Include="..\..\include\ViewBase.h">
      <Filter>include</Filter>
    </ClInclude>
    <ClInclude Include="ColorSelect.h">
      <Filter>src\View\Control</Filter>
    </ClInclude>
    <ClInclude Include="ConfigDlg.h">
      <Filter>src\View</Filter>
    </ClInclude>
    <ClInclude Include="..\..\include\IConfigView.h">
      <Filter>src\Interface</Filter>
    </ClInclude>
    <ClInclude Include="ChildFrm.h">
      <Filter>src\Framework</Filter>
    </ClInclude>
    <ClInclude Include="MainFrm.h">
      <Filter>src\Framework</Filter>
    </ClInclude>
    <ClInclude Include="HighLightPropPage.h">
      <Filter>src\View</Filter>
    </ClInclude>
  </ItemGroup>
  <ItemGroup>
    <ClCompile Include="LogCC.cpp">
      <Filter>src\Framework</Filter>
    </ClCompile>
    <ClCompile Include="LogCCDoc.cpp">
      <Filter>src\Framework</Filter>
    </ClCompile>
    <ClCompile Include="stdafx.cpp">
      <Filter>src\Framework</Filter>
    </ClCompile>
    <ClCompile Include="LogCtrlView.cpp">
      <Filter>src\View</Filter>
    </ClCompile>
    <ClCompile Include="LogMainView.cpp">
      <Filter>src\View</Filter>
    </ClCompile>
    <ClCompile Include="ModulVer.cpp">
      <Filter>src\ThirdParty</Filter>
    </ClCompile>
    <ClCompile Include="LogDetailView.cpp">
      <Filter>src\View</Filter>
    </ClCompile>
    <ClCompile Include="ColorSelect.cpp">
      <Filter>src\View\Control</Filter>
    </ClCompile>
    <ClCompile Include="ConfigDlg.cpp">
      <Filter>src\View</Filter>
    </ClCompile>
    <ClCompile Include="ChildFrm.cpp">
      <Filter>src\Framework</Filter>
    </ClCompile>
    <ClCompile Include="MainFrm.cpp">
      <Filter>src\Framework</Filter>
    </ClCompile>
    <ClCompile Include="HighLightPropPage.cpp">
      <Filter>src\View</Filter>
    </ClCompile>
  </ItemGroup>
  <ItemGroup>
    <ResourceCompile Include="WinUI.rc">
      <Filter>resouce</Filter>
    </ResourceCompile>
  </ItemGroup>
</Project>