
Microsoft Visual Studio Solution File, Format Version 11.00
# Visual Studio 2010
Project("{8BC9CEB8-8B4A-11D0-8D11-00A0C91BC942}") = "WinUI", "src\WinUI\WinUI.vcxproj", "{32DD4974-5AB9-4160-894F-542A44A7B819}"
	ProjectSection(ProjectDependencies) = postProject
		{0540475A-CAB6-497C-9BB2-923A750837C0} = {0540475A-CAB6-497C-9BB2-923A750837C0}
	EndProjectSection
EndProject
Project("{8BC9CEB8-8B4A-11D0-8D11-00A0C91BC942}") = "Model", "src\Model\Model.vcxproj", "{0540475A-CAB6-497C-9BB2-923A750837C0}"
EndProject
Global
	GlobalSection(SolutionConfigurationPlatforms) = preSolution
		Debug|Win32 = Debug|Win32
		Release|Win32 = Release|Win32
	EndGlobalSection
	GlobalSection(ProjectConfigurationPlatforms) = postSolution
		{32DD4974-5AB9-4160-894F-542A44A7B819}.Debug|Win32.ActiveCfg = Debug|Win32
		{32DD4974-5AB9-4160-894F-542A44A7B819}.Debug|Win32.Build.0 = Debug|Win32
		{32DD4974-5AB9-4160-894F-542A44A7B819}.Release|Win32.ActiveCfg = Release|Win32
		{32DD4974-5AB9-4160-894F-542A44A7B819}.Release|Win32.Build.0 = Release|Win32
		{0540475A-CAB6-497C-9BB2-923A750837C0}.Debug|Win32.ActiveCfg = Debug|Win32
		{0540475A-CAB6-497C-9BB2-923A750837C0}.Debug|Win32.Build.0 = Debug|Win32
		{0540475A-CAB6-497C-9BB2-923A750837C0}.Release|Win32.ActiveCfg = Release|Win32
		{0540475A-CAB6-497C-9BB2-923A750837C0}.Release|Win32.Build.0 = Release|Win32
	EndGlobalSection
	GlobalSection(SolutionProperties) = preSolution
		HideSolutionNode = FALSE
	EndGlobalSection
EndGlobal
