<?xml version="1.0" encoding="utf-8"?>
<Project ToolsVersion="4.0" xmlns="http://schemas.microsoft.com/developer/msbuild/2003">
  <ItemGroup>
    <Filter Include="src">
      <UniqueIdentifier>{4FC737F1-C7A5-4376-A066-2A32D752A2FF}</UniqueIdentifier>
      <Extensions>cpp;c;cc;cxx;def;odl;idl;hpj;bat;asm;asmx</Extensions>
    </Filter>
    <Filter Include="include">
      <UniqueIdentifier>{e6b7f940-3ab3-4092-9821-310729a14a64}</UniqueIdentifier>
    </Filter>
    <Filter Include="src\filter">
      <UniqueIdentifier>{9ba24525-264f-4022-aa32-75906c17cc99}</UniqueIdentifier>
    </Filter>
  </ItemGroup>
  <ItemGroup>
    <None Include="ReadMe.txt" />
  </ItemGroup>
  <ItemGroup>
    <ClInclude Include="..\..\include\ILogQuery.h">
      <Filter>include</Filter>
    </ClInclude>
    <ClInclude Include="..\..\include\ILogQueryObserver.h">
      <Filter>include</Filter>
    </ClInclude>
    <ClInclude Include="..\..\include\LogItem.h">
      <Filter>include</Filter>
    </ClInclude>
    <ClInclude Include="LogQueryImpl.h">
      <Filter>src</Filter>
    </ClInclude>
    <ClInclude Include="targetver.h">
      <Filter>src</Filter>
    </ClInclude>
    <ClInclude Include="stdafx.h">
      <Filter>src</Filter>
    </ClInclude>
    <ClInclude Include="..\..\include\LogQueryResult.h">
      <Filter>include</Filter>
    </ClInclude>
    <ClInclude Include="resource.h">
      <Filter>src</Filter>
    </ClInclude>
    <ClInclude Include="..\..\include\Pattern.h">
      <Filter>include</Filter>
    </ClInclude>
    <ClInclude Include="FilterLexer.h">
      <Filter>src\filter</Filter>
    </ClInclude>
    <ClInclude Include="FilterNode.h">
      <Filter>src\filter</Filter>
    </ClInclude>
    <ClInclude Include="FilterParser.h">
      <Filter>src\filter</Filter>
    </ClInclude>
    <ClInclude Include="..\..\include\IPatternService.h">
      <Filter>include</Filter>
    </ClInclude>
    <ClInclude Include="PatternServiceImpl.h">
      <Filter>src</Filter>
    </ClInclude>
    <ClInclude Include="..\..\include\IPatternServiceObserver.h">
      <Filter>include</Filter>
    </ClInclude>
    <ClInclude Include="..\..\include\ModelFactory.h">
      <Filter>include</Filter>
    </ClInclude>
    <ClInclude Include="..\..\include\ModelExport.h">
      <Filter>include</Filter>
    </ClInclude>
  </ItemGroup>
  <ItemGroup>
    <ClCompile Include="stdafx.cpp">
      <Filter>src</Filter>
    </ClCompile>
    <ClCompile Include="dllmain.cpp">
      <Filter>src</Filter>
    </ClCompile>
    <ClCompile Include="LogQueryImpl.cpp">
      <Filter>src</Filter>
    </ClCompile>
    <ClCompile Include="ModelFactory.cpp">
      <Filter>src</Filter>
    </ClCompile>
    <ClCompile Include="LogQueryResult.cpp">
      <Filter>src</Filter>
    </ClCompile>
    <ClCompile Include="Pattern.cpp">
      <Filter>src</Filter>
    </ClCompile>
    <ClCompile Include="FilterLexer.cpp">
      <Filter>src\filter</Filter>
    </ClCompile>
    <ClCompile Include="FilterNode.cpp">
      <Filter>src\filter</Filter>
    </ClCompile>
    <ClCompile Include="FilterParser.cpp">
      <Filter>src\filter</Filter>
    </ClCompile>
    <ClCompile Include="PatternServiceImpl.cpp">
      <Filter>src</Filter>
    </ClCompile>
  </ItemGroup>
  <ItemGroup>
    <ResourceCompile Include="Model.rc" />
  </ItemGroup>
</Project>